github.com/DataDog/zstd v1.4.4 h1:+IawcoXhCBylN7ccwdwf8LOH2jKq7NavGpEPanrlTzE=
github.com/DataDog/zstd v1.4.4/go.mod h1:1jcaCB/ufaK+sKp1NBhlGmpz41jOoPQ35bpF36t7BBo=
github.com/GeertJohan/go.incremental v1.0.0/go.mod h1:6fAjUhbVuX1KcMD3c8TEgVUqmo4seqhv0i0kdATSkM0=
github.com/GeertJohan/go.rice v1.0.0/go.mod h1:eH6gbSOAUv07dQuZVnBmoDP8mgsM1rtixis4Tib9if0=
github.com/OhYee/godot v0.0.0-20191004043452-9915dee01024 h1:aAm/rek1Pl+7zeu79BHGIAS83BI80e96CuNDaRtLX54=
github.com/OhYee/godot v0.0.0-20191004043452-9915dee01024/go.mod h1:cMA774NGmTbhLHdmozw2Ejeyyu+S5mDKC97CPgBhNGM=
github.com/OhYee/goldmark-dot v0.0.0-20191005034355-67d0b6c97906 h1:NPzGBu7r0RVRB1GyOf3b74S8BUuUSfjE4ChpChijJwI=
github.com/OhYee/goldmark-dot v0.0.0-20191005034355-67d0b6c97906/go.mod h1:0jDWMJxqHjH9lOg39gbm/esw4GWSbkvEwJw5zFLYTEo=
github.com/OhYee/goutils v0.0.0-20191204050123-4891fd89d899 h1:52OEpkVeYqZzteOyylzq4i4skQ+3sb587BBMUl9LEsQ=
github.com/OhYee/goutils v0.0.0-20191204050123-4891fd89d899/go.mod h1:RqaQ1bD+sQAq7zQ/1vAtaojWoFznhAFdWDsMZr7SgkA=
github.com/OhYee/goutils v0.0.0-20200120145102-1fedfc93c251 h1:eJtPSO81qdsUxIxRcI9NMGqqf+yxYnYB0h+O0meoH9U=
github.com/OhYee/goutils v0.0.0-20200120145102-1fedfc93c251/go.mod h1:RqaQ1bD+sQAq7zQ/1vAtaojWoFznhAFdWDsMZr7SgkA=
github.com/OhYee/goutils v0.0.0-20200129060613-171d23a1cf8b h1:XDW7giNRDFgaQHiaaYlEq89QNJsN+HjqESEpw/mioNw=
github.com/OhYee/goutils v0.0.0-20200129060613-171d23a1cf8b/go.mod h1:RqaQ1bD+sQAq7zQ/1vAtaojWoFznhAFdWDsMZr7SgkA=
github.com/OhYee/goutils v0.0.0-20200129073711-cf6c249eccb0 h1:CFeGRSxU3ZG+FHnUBM5hDFDB+XkM11vuaV7GrjKEFJs=
github.com/OhYee/goutils v0.0.0-20200129073711-cf6c249eccb0/go.mod h1:RqaQ1bD+sQAq7zQ/1vAtaojWoFznhAFdWDsMZr7SgkA=
github.com/OhYee/goutils v0.0.0-20200129074257-382374f6da4e h1:K8yar8gT4mV6FPmOC6cCwbbitiIQrsNE7X29Bam/Pxg=
github.com/OhYee/goutils v0.0.0-20200129074257-382374f6da4e/go.mod h1:RqaQ1bD+sQAq7zQ/1vAtaojWoFznhAFdWDsMZr7SgkA=
github.com/OhYee/rainbow v0.0.0-20191216131638-b29c73c1cc83 h1:1IQA4cPdXDzVektSsp/HkRXj0VS/uHfVXITN8PcdqhI=
github.com/OhYee/rainbow v0.0.0-20191216131638-b29c73c1cc83/go.mod h1:N7lMsUEVv57QF4Epb5Tmj4reIFtPoXzp6tACrUHmlb4=
github.com/akavel/rsrc v0.8.0/go.mod h1:uLoCtb9J+EyAqh+26kdrTgmzRBFPGOolLWKpdxkKq+c=
github.com/alecthomas/assert v0.0.0-20170929043011-405dbfeb8e38/go.mod h1:r7bzyVFMNntcxPZXK3/+KdruV1H5KSlyVY0gc+NgInI=
github.com/alecthomas/chroma v0.6.3/go.mod h1:quT2EpvJNqkuPi6DmBHB+E33FXBgBBPzyH5++Dn1LPc=
github.com/alecthomas/chroma v0.7.0 h1:z+0HgTUmkpRDRz0SRSdMaqOLfJV4F+N1FPDZUZIDUzw=
github.com/alecthomas/chroma v0.7.0/go.mod h1:1U/PfCsTALWWYHDnsIQkxEBM0+6LLe0v8+RSVMOwxeY=
github.com/alecthomas/chroma v0.7.1 h1:G1i02OhUbRi2nJxcNkwJaY/J1gHXj9tt72qN6ZouLFQ=
github.com/alecthomas/chroma v0.7.1/go.mod h1:gHw09mkX1Qp80JlYbmN9L3+4R5o6DJJ3GRShh+AICNc=
github.com/alecthomas/colour v0.0.0-20160524082231-60882d9e2721/go.mod h1:QO9JBoKquHd+jz9nshCh40fOfO+JzsoXy8qTHF68zU0=
github.com/alecthomas/kong v0.1.15/go.mod h1:0m2VYms8rH0qbCqVB2gvGHk74bqLIq0HXjCs5bNbNQU=
github.com/alecthomas/kong v0.1.17-0.20190424132513-439c674f7ae0/go.mod h1:+inYUSluD+p4L8KdviBSgzcqEjUQOfC5fQDRFuc36lI=
github.com/alecthomas/kong v0.2.1-0.20190708041108-0548c6b1afae/go.mod h1:+inYUSluD+p4L8KdviBSgzcqEjUQOfC5fQDRFuc36lI=
github.com/alecthomas/kong-hcl v0.1.8-0.20190615233001-b21fea9723c8/go.mod h1:MRgZdU3vrFd05IQ89AxUZ0aYdF39BYoNFa324SodPCA=
github.com/alecthomas/repr v0.0.0-20180818092828-117648cd9897/go.mod h1:xTS7Pm1pD1mvyM075QCDSRqH6qRLXylzS24ZTpRiSzQ=
github.com/cosiner/argv v0.0.0-20170225145430-13bacc38a0a5/go.mod h1:p/NrK5tF6ICIly4qwEDsf6VDirFiWWz0FenfYBwJaKQ=
github.com/cpuguy83/go-md2man v1.0.8/go.mod h1:N6JayAiVKtlHSnuTCeuLSQVs75hb8q+dYQLjr7cDsKY=
github.com/daaku/go.zipexe v1.0.0/go.mod h1:z8IiR6TsVLEYKwXAoE/I+8ys/sDkgTzSL0CLnGVd57E=
github.com/danwakefield/fnmatch v0.0.0-20160403171240-cbb64ac3d964 h1:y5HC9v93H5EPKqaS1UYVg1uYah5Xf51mBfIoWehClUQ=
github.com/danwakefield/fnmatch v0.0.0-20160403171240-cbb64ac3d964/go.mod h1:Xd9hchkHSWYkEqJwUGisez3G1QY8Ryz0sdWrLPMGjLk=
github.com/davecgh/go-spew v1.1.0 h1:ZDRjVQ15GmhC3fiQ8ni8+OwkZQO4DARzQgrnXU1Liz8=
github.com/davecgh/go-spew v1.1.0/go.mod h1:J7Y8YcW2NihsgmVo/mv3lAwl/skON4iLHjSsI+c5H38=
github.com/davecgh/go-spew v1.1.1/go.mod h1:J7Y8YcW2NihsgmVo/mv3lAwl/skON4iLHjSsI+c5H38=
github.com/dlclark/regexp2 v1.1.6 h1:CqB4MjHw0MFCDj+PHHjiESmHX+N7t0tJzKvC6M97BRg=
github.com/dlclark/regexp2 v1.1.6/go.mod h1:2pZnwuY/m+8K6iRw6wQdMtk+rH5tNGR1i55kozfMjCc=
github.com/dlclark/regexp2 v1.2.0 h1:8sAhBGEM0dRWogWqWyQeIJnxjWO6oIjl8FKqREDsGfk=
github.com/dlclark/regexp2 v1.2.0/go.mod h1:2pZnwuY/m+8K6iRw6wQdMtk+rH5tNGR1i55kozfMjCc=
github.com/fsnotify/fsnotify v1.4.7/go.mod h1:jwhsz4b93w/PPRr/qN1Yymfu8t87LnFCMoQvtojpjFo=
github.com/go-delve/delve v1.3.2 h1:K8VjV+Q2YnBYlPq0ctjrvc9h7h03wXszlszzfGW5Tog=
github.com/go-delve/delve v1.3.2/go.mod h1:LLw6qJfIsRK9WcwV2IRRqsdlgrqzOeuGrQOCOIhDpt8=
github.com/go-stack/stack v1.8.0 h1:5SgMzNM5HxrEjV0ww2lTmX6E2Izsfxas4+YHWRs3Lsk=
github.com/go-stack/stack v1.8.0/go.mod h1:v0f6uXyyMGvRgIKkXu+yp6POWl0qKG85gN/melR3HDY=
github.com/golang/protobuf v1.2.0/go.mod h1:6lQm79b+lXiMfvg/cZm0SGofjICqVBUtrP5yJMmIC1U=
github.com/golang/snappy v0.0.1 h1:Qgr9rKW7uDUkrbSmQeiDsGa8SjGyCOGtuasMWwvp2P4=
github.com/golang/snappy v0.0.1/go.mod h1:/XxbfmMg8lxefKM7IXC3fBNl/7bRcc72aCRzEWrmP2Q=
github.com/gorilla/csrf v1.6.0/go.mod h1:7tSf8kmjNYr7IWDCYhd3U8Ck34iQ/Yw5CJu7bAkHEGI=
github.com/gorilla/handlers v1.4.1/go.mod h1:Qkdc/uu4tH4g6mTK6auzZ766c4CA0Ng8+o/OAirnOIQ=
github.com/gorilla/mux v1.7.3/go.mod h1:1lud6UwP+6orDFRuTfBEV8e9/aOM/c4fVVCaMa2zaAs=
github.com/gorilla/securecookie v1.1.1/go.mod h1:ra0sb63/xPlUeL+yeDciTfxMRAA+MP+HVt/4epWDjd4=
github.com/hashicorp/hcl v1.0.0/go.mod h1:E5yfLk+7swimpb2L/Alb/PJmXilQ/rhwaUYs4T20WEQ=
github.com/hpcloud/tail v1.0.0/go.mod h1:ab1qPbhIpdTxEkNHXyeSf5vhxWSCs/tWer42PpOxQnU=
github.com/inconshreveable/mousetrap v1.0.0/go.mod h1:PxqpIevigyE2G7u3NXJIT2ANytuPF1OarO4DADm73n8=
github.com/jessevdk/go-flags v1.4.0/go.mod h1:4FA24M0QyGHXBuZZK/XkWh8h0e1EYbRYJSGM75WSRxI=
github.com/kr/pretty v0.1.0/go.mod h1:dAy3ld7l9f0ibDNOQOHHMYYIIbhfbHSm3C4ZsoJORNo=
github.com/kr/pty v1.1.1/go.mod h1:pFQYn66WHrOpPYNljwOMqo10TkYh1fy3cYio2l3bCsQ=
github.com/kr/text v0.1.0/go.mod h1:4Jbv+DJW3UT/LiOwJeYQe1efqtUx/iVham/4vfdArNI=
github.com/mattn/go-colorable v0.0.0-20170327083344-ded68f7a9561/go.mod h1:9vuHe8Xs5qXnSaW/c/ABM9alt+Vo+STaOChaDxuIBZU=
github.com/mattn/go-colorable v0.0.9/go.mod h1:9vuHe8Xs5qXnSaW/c/ABM9alt+Vo+STaOChaDxuIBZU=
github.com/mattn/go-isatty v0.0.3/go.mod h1:M+lRXTBqGeGNdLjl/ufCoiOlB5xdOkqRJdNxMWT7Zi4=
github.com/mattn/go-isatty v0.0.4/go.mod h1:M+lRXTBqGeGNdLjl/ufCoiOlB5xdOkqRJdNxMWT7Zi4=
github.com/mitchellh/mapstructure v1.1.2/go.mod h1:FVVH3fgwuzCH5S8UJGiWEs2h04kUh9fWfEaFds41c1Y=
github.com/nkovacs/streamquote v0.0.0-20170412213628-49af9bddb229/go.mod h1:0aYXnNPJ8l7uZxf45rWW1a/uME32OF0rhiYGNQ2oF2E=
github.com/onsi/ginkgo v1.6.0/go.mod h1:lLunBs/Ym6LB5Z9jYTR76FiuTmxDTDusOGeTQH+WWjE=
github.com/onsi/ginkgo v1.8.0/go.mod h1:lLunBs/Ym6LB5Z9jYTR76FiuTmxDTDusOGeTQH+WWjE=
github.com/onsi/gomega v1.5.0/go.mod h1:ex+gbHU/CVuBBDIJjb2X0qEXbFg53c61hWP/1CpauHY=
github.com/peterh/liner v0.0.0-20170317030525-88609521dc4b/go.mod h1:xIteQHvHuaLYG9IFj6mSxM0fCKrs34IrEQUhOYuGPHc=
github.com/pkg/errors v0.8.0/go.mod h1:bwawxfHBFNV+L2hUp1rHADufV3IMtnDRdf1r5NINEl0=
github.com/pkg/errors v0.8.1/go.mod h1:bwawxfHBFNV+L2hUp1rHADufV3IMtnDRdf1r5NINEl0=
github.com/pkg/errors v0.9.1 h1:FEBLx1zS214owpjy7qsBeixbURkuhQAwrK5UwLGTwt4=
github.com/pkg/errors v0.9.1/go.mod h1:bwawxfHBFNV+L2hUp1rHADufV3IMtnDRdf1r5NINEl0=
github.com/pkg/profile v0.0.0-20170413231811-06b906832ed0/go.mod h1:hJw3o1OdXxsrSjjVksARp5W95eeEaEfptyVZyv6JUPA=
github.com/pmezard/go-difflib v1.0.0 h1:4DBwDE0NGyQoBHbLQYPwSUPoCMWR5BEzIk/f1lZbAQM=
github.com/pmezard/go-difflib v1.0.0/go.mod h1:iKH77koFhYxTK1pcRnkKkqfTogsbg7gZNVY4sRDYZ/4=
github.com/russross/blackfriday v0.0.0-20180428102519-11635eb403ff/go.mod h1:JO/DiYxRf+HjHt06OyowR9PTA263kcR/rfWxYHBV53g=
github.com/sergi/go-diff v1.0.0/go.mod h1:0CfEIISq7TuYL3j771MWULgwwjU+GofnZX9QAmXWZgo=
github.com/sirupsen/logrus v0.0.0-20180523074243-ea8897e79973/go.mod h1:pMByvHTf9Beacp5x1UXfOR9xyW/9antXMhjMPG0dEzc=
github.com/spf13/cobra v0.0.0-20170417170307-b6cb39589372/go.mod h1:1l0Ry5zgKvJasoi3XT1TypsSe7PqH0Sj9dhYf7v3XqQ=
github.com/spf13/pflag v0.0.0-20170417173400-9e4c21054fa1/go.mod h1:DYY7MBk1bdzusC3SYhjObp+wFpr4gzcvqqNjLnInEg4=
github.com/stretchr/objx v0.1.0/go.mod h1:HFkY916IF+rwdDfMAkV7OtwuqBVzrE8GR6GFx+wExME=
github.com/stretchr/testify v1.2.2/go.mod h1:a8OnRcib4nhh0OaRAV+Yts87kKdq0PP7pXfy6kDkUVs=
github.com/stretchr/testify v1.3.0 h1:TivCn/peBQ7UY8ooIcPgZFpTNSz0Q2U6UrFlUfqbe0Q=
github.com/stretchr/testify v1.3.0/go.mod h1:M5WIy9Dh21IEIfnGCwXGc5bZfKNJtfHm1UVUgZn+9EI=
github.com/valyala/bytebufferpool v1.0.0/go.mod h1:6bBcMArwyJ5K/AmCkWv1jt77kVWyCJ6HpOuEn7z0Csc=
github.com/valyala/fasttemplate v1.0.1/go.mod h1:UQGH1tvbgY+Nz5t2n7tXsz52dQxojPUpymEIMZ47gx8=
github.com/xdg/scram v0.0.0-20180814205039-7eeb5667e42c h1:u40Z8hqBAAQyv+vATcGgV0YCnDjqSL7/q/JyPhhJSPk=
github.com/xdg/scram v0.0.0-20180814205039-7eeb5667e42c/go.mod h1:lB8K/P019DLNhemzwFU4jHLhdvlE6uDZjXFejJXr49I=
github.com/xdg/stringprep v1.0.0 h1:d9X0esnoa3dFsV0FG35rAT0RIhYFlPq7MiP+DW89La0=
github.com/xdg/stringprep v1.0.0/go.mod h1:Jhud4/sHMO4oL310DaZAKk9ZaJ08SJfe+sJh0HrGL1Y=
github.com/yuin/goldmark v1.1.0/go.mod h1:hDgn8A2EV4OniExoeJs1fSrmEc/T7w8+Teyq8YkThxQ=
github.com/yuin/goldmark v1.1.7/go.mod h1:3hX8gzYuyVAZsxl0MRgGTJEmQBFcNTphYh9decYSb74=
github.com/yuin/goldmark v1.1.22 h1:0e0f6Zee9SAQ5yOZGNMWaOxqVvcc/9/kUWu/Kl91Jk8=
github.com/yuin/goldmark v1.1.22/go.mod h1:3hX8gzYuyVAZsxl0MRgGTJEmQBFcNTphYh9decYSb74=
github.com/yuin/goldmark-highlighting v0.0.0-20190830074347-93c30623ac23/go.mod h1:3FYTzt9w4R8wIZ1KUvvoCyOMYNcYzqLr6amkECg35Hc=
github.com/yuin/goldmark-highlighting v0.0.0-20191202084645-78f32c8dd6d5 h1:QbH7ca1qtgZHrzvcVAEoiJIwBqrXxMOfHYfwZIniIK0=
github.com/yuin/goldmark-highlighting v0.0.0-20191202084645-78f32c8dd6d5/go.mod h1:4QGn5rJFOASBa2uK4Q2h3BRTyJqRfsAucPFIipSTcaM=
go.mongodb.org/mongo-driver v1.2.1 h1:ANAlYXXM5XmOdW/Nc38jOr+wS5nlk7YihT24U1imiWM=
go.mongodb.org/mongo-driver v1.2.1/go.mod h1:u7ryQJ+DOzQmeO7zB6MHyr8jkEQvC8vH7qLUO4lqsUM=
go.starlark.net v0.0.0-20190702223751-32f345186213/go.mod h1:c1/X6cHgvdXj6pUlmWKMkuqRnW4K8x2vwt6JAaaircg=
golang.org/x/arch v0.0.0-20171004143515-077ac972c2e4/go.mod h1:cYlCBUl1MsqxdiKgmc4uh7TxZfWSFLOGSRR090WDxt8=
golang.org/x/crypto v0.0.0-20180614174826-fd5f17ee7299/go.mod h1:6SG95UA2DQfeDnfUPMdvaQW0Q7yPrPDi9nlGo2tz2b4=
golang.org/x/crypto v0.0.0-20190308221718-c2843e01d9a2/go.mod h1:djNgcEr1/C05ACkg1iLfiJU5Ep61QUkGW8qpdssI0+w=
golang.org/x/crypto v0.0.0-20200117160349-530e935923ad h1:Jh8cai0fqIK+f6nG0UgPW5wFk8wmiMhM3AyciDBdtQg=
golang.org/x/crypto v0.0.0-20200117160349-530e935923ad/go.mod h1:LzIPMQfyMNhhGPhUkYOs5KpL4U8rLKemX1yGLhDgUto=
golang.org/x/net v0.0.0-20180906233101-161cd47e91fd/go.mod h1:mL1N/T3taQHkDXs73rZJwtUhF3w3ftmwwsq0BUmARs4=
golang.org/x/net v0.0.0-20190404232315-eb5bcb51f2a3/go.mod h1:t9HGtf8HONx5eT2rtn7q6eTqICYqUVnKs3thJo3Qplg=
golang.org/x/sync v0.0.0-20180314180146-1d60e4601c6f/go.mod h1:RxMgew5VJxzue5/jJTE5uejpjVlOe/izrB70Jof72aM=
golang.org/x/sync v0.0.0-20190911185100-cd5d95a43a6e h1:vcxGaoTs7kV8m5Np9uUNQin4BrLOthgV7252N8V+FwY=
golang.org/x/sync v0.0.0-20190911185100-cd5d95a43a6e/go.mod h1:RxMgew5VJxzue5/jJTE5uejpjVlOe/izrB70Jof72aM=
golang.org/x/sys v0.0.0-20180909124046-d0be0721c37e/go.mod h1:STP8DvDyc/dI5b8T5hshtkjS+E42TnysNCUPdjciGhY=
golang.org/x/sys v0.0.0-20181128092732-4ed8d59d0b35/go.mod h1:STP8DvDyc/dI5b8T5hshtkjS+E42TnysNCUPdjciGhY=
golang.org/x/sys v0.0.0-20190215142949-d0b11bdaac8a/go.mod h1:STP8DvDyc/dI5b8T5hshtkjS+E42TnysNCUPdjciGhY=
golang.org/x/sys v0.0.0-20190412213103-97732733099d/go.mod h1:h1NjWce9XRLGQEsW7wpKNCjG9DtNlClVuFLEZdDNbEs=
golang.org/x/sys v0.0.0-20190626221950-04f50cda93cb/go.mod h1:h1NjWce9XRLGQEsW7wpKNCjG9DtNlClVuFLEZdDNbEs=
golang.org/x/text v0.3.0/go.mod h1:NqM8EUOU14njkJ3fqMW+pc6Ldnwhi/IjpwHt7yyuwOQ=
golang.org/x/text v0.3.2 h1:tW2bmiBqwgJj/UpqtC8EpXEZVYOwU0yG4iWbprSVAcs=
golang.org/x/text v0.3.2/go.mod h1:bEr9sfX3Q8Zfm5fL9x+3itogRgK3+ptLWKqgva+5dAk=
golang.org/x/tools v0.0.0-20180917221912-90fa682c2a6e/go.mod h1:n7NCudcB/nEzxVGmLbDWY5pfWTLqBcC2KZ6jyYvM4mQ=
golang.org/x/tools v0.0.0-20181120060634-fc4f04983f62/go.mod h1:n7NCudcB/nEzxVGmLbDWY5pfWTLqBcC2KZ6jyYvM4mQ=
gopkg.in/airbrake/gobrake.v2 v2.0.9/go.mod h1:/h5ZAUhDkGaJfjzjKLSjv6zCL6O0LLBxU4K+aSYdM/U=
gopkg.in/check.v1 v0.0.0-20161208181325-20d25e280405/go.mod h1:Co6ibVJAznAaIkqp8huTwlJQCZ016jof/cbN4VW5Yz0=
gopkg.in/check.v1 v1.0.0-20180628173108-788fd7840127/go.mod h1:Co6ibVJAznAaIkqp8huTwlJQCZ016jof/cbN4VW5Yz0=
gopkg.in/fsnotify.v1 v1.4.7/go.mod h1:Tz8NjZHkW78fSQdbUxIjBTcgA1z1m8ZHf0WmKUhAMys=
gopkg.in/gemnasium/logrus-airbrake-hook.v2 v2.1.2/go.mod h1:Xk6kEKp8OKb+X14hQBKWaSkCsqBpgog8nAV2xsGOxlo=
gopkg.in/tomb.v1 v1.0.0-20141024135613-dd632973f1e7/go.mod h1:dt/ZhP58zS4L8KSrWDmTeBkI65Dw0HsyUHuEVlX15mw=
gopkg.in/yaml.v2 v2.2.1/go.mod h1:hI93XBmqTisBFMUTm0b8Fm+jr3Dg1NNxqwp+5A1VGuI=
gopkg.in/yaml.v2 v2.2.2/go.mod h1:hI93XBmqTisBFMUTm0b8Fm+jr3Dg1NNxqwp+5A1VGuI=
